{
  "name": "ECS",
  "version": "1.0.0",
  "lockfileVersion": 1,
  "requires": true,
  "dependencies": {
    "@pixi/accessibility": {
      "version": "5.2.4",
      "resolved": "https://registry.npmjs.org/@pixi/accessibility/-/accessibility-5.2.4.tgz",
      "integrity": "sha512-NaHYuUqD4vmYRTvleQpR2Rc7mYHgreX+WYCXYa8gQghoTa1J1zfbFvYJaby3gubuVmNG2eyzjlKIVUeIrVuJCg==",
      "requires": {
        "@pixi/core": "5.2.4",
        "@pixi/display": "5.2.4",
        "@pixi/utils": "5.2.4"
      }
    },
    "@pixi/app": {
      "version": "5.2.4",
      "resolved": "https://registry.npmjs.org/@pixi/app/-/app-5.2.4.tgz",
      "integrity": "sha512-3BSp1uZJUnctTqsvmVqIRXwS0Uq2GInVvWmrZQF7+6O5neADVX4Ba7ENh7CnmuPXnMPmwxt1788I20aUi3ld1Q==",
      "requires": {
        "@pixi/core": "5.2.4",
        "@pixi/display": "5.2.4"
      }
    },
    "@pixi/constants": {
      "version": "5.2.4",
      "resolved": "https://registry.npmjs.org/@pixi/constants/-/constants-5.2.4.tgz",
      "integrity": "sha512-+sMfU57VTQb5DkDtndCBg3PzyC8NxZJvg/R76tuopkZZ5AgI4aAE6hNMs0JzvalzYNIampzwpdZ1gz5UKvL1dQ=="
    },
    "@pixi/core": {
      "version": "5.2.4",
      "resolved": "https://registry.npmjs.org/@pixi/core/-/core-5.2.4.tgz",
      "integrity": "sha512-3RXoqtMqCGZFDLNiBp1l6HAnnNvKsCn3D4m3NvrrIhcaPFxD8bSPZaHEaTq6BaStOGWhpofRy+RLtFfYciQLiA==",
      "requires": {
        "@pixi/constants": "5.2.4",
        "@pixi/display": "5.2.4",
        "@pixi/math": "5.2.4",
        "@pixi/runner": "5.2.4",
        "@pixi/settings": "5.2.4",
        "@pixi/ticker": "5.2.4",
        "@pixi/utils": "5.2.4"
      }
    },
    "@pixi/display": {
      "version": "5.2.4",
      "resolved": "https://registry.npmjs.org/@pixi/display/-/display-5.2.4.tgz",
      "integrity": "sha512-VndYAcumBeHCJuUZ4HaCTFZ4+T7Ncemam9FcAsMqlu3P9BCu8LMuARv0lLKWIV0jz+nBF7qKzLfpJoNYF64Mgw==",
      "requires": {
        "@pixi/math": "5.2.4",
        "@pixi/settings": "5.2.4",
        "@pixi/utils": "5.2.4"
      }
    },
    "@pixi/extract": {
      "version": "5.2.4",
      "resolved": "https://registry.npmjs.org/@pixi/extract/-/extract-5.2.4.tgz",
      "integrity": "sha512-en9ZIa+9k0owQxQPj5U5jT1GaDAAqOn5mlF6Pn6xXOkRi8npUnpj1zpNtcG0kn8ZMufJVmyyI33lMl6NPzLzsQ==",
      "requires": {
        "@pixi/core": "5.2.4",
        "@pixi/math": "5.2.4",
        "@pixi/utils": "5.2.4"
      }
    },
    "@pixi/filter-alpha": {
      "version": "5.2.4",
      "resolved": "https://registry.npmjs.org/@pixi/filter-alpha/-/filter-alpha-5.2.4.tgz",
      "integrity": "sha512-WdQyqPUM60z16pXH+aAWwy/Xrfx/Qgb9kf3GRAQq77WsxbrFVY/DGfakxNa+jDuSlS4fBIKx66iLnoLlOzA6iQ==",
      "requires": {
        "@pixi/core": "5.2.4"
      }
    },
    "@pixi/filter-blur": {
      "version": "5.2.4",
      "resolved": "https://registry.npmjs.org/@pixi/filter-blur/-/filter-blur-5.2.4.tgz",
      "integrity": "sha512-9uDr7QIRpuhxdZsO76AddIP2x2MbcQvErQjmjQEfLsectbCLdkRWjHPoLzFfARb58lNzT0Pe5EMVPI91usa1pA==",
      "requires": {
        "@pixi/core": "5.2.4",
        "@pixi/settings": "5.2.4"
      }
    },
    "@pixi/filter-color-matrix": {
      "version": "5.2.4",
      "resolved": "https://registry.npmjs.org/@pixi/filter-color-matrix/-/filter-color-matrix-5.2.4.tgz",
      "integrity": "sha512-3JQVtKb43SLticOWhIoWWykNCh2MK/wb4/p88LYew3kAUyfA2glZ+t2moYC3HAye3tsrc155go6m7Hqabpl/yQ==",
      "requires": {
        "@pixi/core": "5.2.4"
      }
    },
    "@pixi/filter-displacement": {
      "version": "5.2.4",
      "resolved": "https://registry.npmjs.org/@pixi/filter-displacement/-/filter-displacement-5.2.4.tgz",
      "integrity": "sha512-nDQ6PcVbHcs0EJu5chtqzI6gF92K34JgfUSrr5pnLwwzbwr2/KQjgRPyRXLLv2rj/HU8pzNLzqRXBWP4qewu6w==",
      "requires": {
        "@pixi/core": "5.2.4",
        "@pixi/math": "5.2.4"
      }
    },
    "@pixi/filter-fxaa": {
      "version": "5.2.4",
      "resolved": "https://registry.npmjs.org/@pixi/filter-fxaa/-/filter-fxaa-5.2.4.tgz",
      "integrity": "sha512-sikOIA6iw/9MejbFL6AZqO6KP9l6QyXYUH2RQVk7zGG75aps4zVXPHgUnz9aT1YASuaWBVP9+ViQPdW2NM5a6g==",
      "requires": {
        "@pixi/core": "5.2.4"
      }
    },
    "@pixi/filter-noise": {
      "version": "5.2.4",
      "resolved": "https://registry.npmjs.org/@pixi/filter-noise/-/filter-noise-5.2.4.tgz",
      "integrity": "sha512-VcI16NVwrFIDRlLke+BZQid96rKxysTavL/qexa7uHxnxxOwdXthpBA/uOQ6eNde4DJyeBAhnyldUM9ydPeOXQ==",
      "requires": {
        "@pixi/core": "5.2.4"
      }
    },
    "@pixi/graphics": {
      "version": "5.2.4",
      "resolved": "https://registry.npmjs.org/@pixi/graphics/-/graphics-5.2.4.tgz",
      "integrity": "sha512-jASQ2M9+Zzm4GmBE+h6lw30xY/0N1GjAn2Dxd8LJZoeeUjAoVQYbN1CavecPGMRW/Rd0QkkHB5B8iWqZX2Uuxg==",
      "requires": {
        "@pixi/constants": "5.2.4",
        "@pixi/core": "5.2.4",
        "@pixi/display": "5.2.4",
        "@pixi/math": "5.2.4",
        "@pixi/sprite": "5.2.4",
        "@pixi/utils": "5.2.4"
      }
    },
    "@pixi/interaction": {
      "version": "5.2.4",
      "resolved": "https://registry.npmjs.org/@pixi/interaction/-/interaction-5.2.4.tgz",
      "integrity": "sha512-c6EzDRcCFmixpRuwY4xIr9I0ppxmkp8b8mP3qSwvMkY5vsMXazhshhtw0SwTA5mdG6vGV93DnZIevFr+qLvA/Q==",
      "requires": {
        "@pixi/core": "5.2.4",
        "@pixi/display": "5.2.4",
        "@pixi/math": "5.2.4",
        "@pixi/ticker": "5.2.4",
        "@pixi/utils": "5.2.4"
      }
    },
    "@pixi/loaders": {
      "version": "5.2.4",
      "resolved": "https://registry.npmjs.org/@pixi/loaders/-/loaders-5.2.4.tgz",
      "integrity": "sha512-MeQd59+sB1ZGhpKGY0w3Ef8cFiWm/yv22MDVM3Hqg1VCu81NjiUrJUGUGALIU8CXI3NfiT+J1zyddslmyJJZjQ==",
      "requires": {
        "@pixi/core": "5.2.4",
        "@pixi/utils": "5.2.4",
        "resource-loader": "^3.0.1"
      }
    },
    "@pixi/math": {
      "version": "5.2.4",
      "resolved": "https://registry.npmjs.org/@pixi/math/-/math-5.2.4.tgz",
      "integrity": "sha512-X7tRbNYuc8c/2GyUhe7togF5rflyU4k9ny8aRmvmIHZsJGFU0w+DmCSCnrHm7b6sQvhu6pXQPGQUADPOBtvb+g=="
    },
    "@pixi/mesh": {
      "version": "5.2.4",
      "resolved": "https://registry.npmjs.org/@pixi/mesh/-/mesh-5.2.4.tgz",
      "integrity": "sha512-OS/KcPgftOh6eE4ZHyC3dCc8nNbOXOq0Va69kwUTfHZLi63vjz03hXiYY/KRJ4tds9+/zCjLeLoBBglqLBBuvg==",
      "requires": {
        "@pixi/constants": "5.2.4",
        "@pixi/core": "5.2.4",
        "@pixi/display": "5.2.4",
        "@pixi/math": "5.2.4",
        "@pixi/settings": "5.2.4",
        "@pixi/utils": "5.2.4"
      }
    },
    "@pixi/mesh-extras": {
      "version": "5.2.4",
      "resolved": "https://registry.npmjs.org/@pixi/mesh-extras/-/mesh-extras-5.2.4.tgz",
      "integrity": "sha512-WQ7H5K4TMeAQyiUJfzZ5UuKY0GF+6JHazhaAc2DhnF5gz2CdvmL0qOiQ4Dad21+VfKzbhC66fP2YfvMHIrWRuw==",
      "requires": {
        "@pixi/constants": "5.2.4",
        "@pixi/core": "5.2.4",
        "@pixi/math": "5.2.4",
        "@pixi/mesh": "5.2.4",
        "@pixi/utils": "5.2.4"
      }
    },
    "@pixi/mixin-cache-as-bitmap": {
      "version": "5.2.4",
      "resolved": "https://registry.npmjs.org/@pixi/mixin-cache-as-bitmap/-/mixin-cache-as-bitmap-5.2.4.tgz",
      "integrity": "sha512-Ec/GgqFbE3upEnLDfHCoKzGulozLRCRRXpzD3bS4uHjiZfOOdSYuPKb+UGSxvntAkEUv9k+AKff2+pEPLf15ag==",
      "requires": {
        "@pixi/core": "5.2.4",
        "@pixi/display": "5.2.4",
        "@pixi/math": "5.2.4",
        "@pixi/settings": "5.2.4",
        "@pixi/sprite": "5.2.4",
        "@pixi/utils": "5.2.4"
      }
    },
    "@pixi/mixin-get-child-by-name": {
      "version": "5.2.4",
      "resolved": "https://registry.npmjs.org/@pixi/mixin-get-child-by-name/-/mixin-get-child-by-name-5.2.4.tgz",
      "integrity": "sha512-ykAtO1T1q1nC/VFl2ieB2ivhoCmD7NU5mAvCp3sd1nx1bTnAXuwPkg6IAxvSkGMkDdL1rzmHBFS3SsggLs6GGg==",
      "requires": {
        "@pixi/display": "5.2.4"
      }
    },
    "@pixi/mixin-get-global-position": {
      "version": "5.2.4",
      "resolved": "https://registry.npmjs.org/@pixi/mixin-get-global-position/-/mixin-get-global-position-5.2.4.tgz",
      "integrity": "sha512-JX3QD3kbxIabnAz+IJxzdO4NWipwiUbMg9ByrPs4Ni/4d8L62DnPG6DFwqbmMA+jsHDHpC1g+ITVpz6Slf0CcQ==",
      "requires": {
        "@pixi/display": "5.2.4",
        "@pixi/math": "5.2.4"
      }
    },
    "@pixi/particles": {
      "version": "5.2.4",
      "resolved": "https://registry.npmjs.org/@pixi/particles/-/particles-5.2.4.tgz",
      "integrity": "sha512-jjr63o1R0OVXKafmmrYLKxCDqqcfdZcwn2dPn4c22QCtRhIBclyFfcupXnIgDaV4WA9V+exa69+enE5pPEboRw==",
      "requires": {
        "@pixi/constants": "5.2.4",
        "@pixi/core": "5.2.4",
        "@pixi/display": "5.2.4",
        "@pixi/math": "5.2.4",
        "@pixi/utils": "5.2.4"
      }
    },
    "@pixi/polyfill": {
      "version": "5.2.4",
      "resolved": "https://registry.npmjs.org/@pixi/polyfill/-/polyfill-5.2.4.tgz",
      "integrity": "sha512-XCb1xnRxtGT3ZuvtNVmKrSNszpyuMRtGufqpD0fou3BhonWFscCXZfCvx+vVTSJcztJ4tfP3H7BeatY6dc72Ag==",
      "requires": {
        "es6-promise-polyfill": "^1.2.0",
        "object-assign": "^4.1.1"
      }
    },
    "@pixi/prepare": {
      "version": "5.2.4",
      "resolved": "https://registry.npmjs.org/@pixi/prepare/-/prepare-5.2.4.tgz",
      "integrity": "sha512-LqVvwBTbSGhJx5lqt5B1plgXGUHhRhWh1Ek+7uBrw10fbUfVb0kH1EUvWyt1wkuap2QKvy6ITzrHsg6pBU8JSQ==",
      "requires": {
        "@pixi/core": "5.2.4",
        "@pixi/display": "5.2.4",
        "@pixi/graphics": "5.2.4",
        "@pixi/settings": "5.2.4",
        "@pixi/text": "5.2.4",
        "@pixi/ticker": "5.2.4"
      }
    },
    "@pixi/runner": {
      "version": "5.2.4",
      "resolved": "https://registry.npmjs.org/@pixi/runner/-/runner-5.2.4.tgz",
      "integrity": "sha512-VLXZaldao2PT9vM/ea1H6nbUacokRqHbsBWvuJr5ugF+PLY9cGf6L5T6TGyNUuXp2b8RlIKeTxPig3kgL7CS2Q=="
    },
    "@pixi/settings": {
      "version": "5.2.4",
      "resolved": "https://registry.npmjs.org/@pixi/settings/-/settings-5.2.4.tgz",
      "integrity": "sha512-jF8oYx5nXNi6D3PdIB2RAKnCrekZ4Xb81KvWSzId2TXTC9p71oMPUqiK8pogaLOhWBUdDsVNNdjiZO2ajTmwOQ==",
      "requires": {
        "ismobilejs": "^1.1.0"
      }
    },
    "@pixi/sprite": {
      "version": "5.2.4",
      "resolved": "https://registry.npmjs.org/@pixi/sprite/-/sprite-5.2.4.tgz",
      "integrity": "sha512-YsR3D/XxU4XQLXB/MkZ5sSkM24EK1TDBbTSAHjbXJR+PgrP1ZE2oA0MuUwjug4BqZdJH3BTUUZKfUfwY8grXuA==",
      "requires": {
        "@pixi/constants": "5.2.4",
        "@pixi/core": "5.2.4",
        "@pixi/display": "5.2.4",
        "@pixi/math": "5.2.4",
        "@pixi/settings": "5.2.4",
        "@pixi/utils": "5.2.4"
      }
    },
    "@pixi/sprite-animated": {
      "version": "5.2.4",
      "resolved": "https://registry.npmjs.org/@pixi/sprite-animated/-/sprite-animated-5.2.4.tgz",
      "integrity": "sha512-7+OoaHpLbHKAQe1wlY11u7gNu5KoNINJWGlsc7wFRHOW6QpNaOTaWyttpLQDfrLe0Z+rAawdqj0252nSKWRNPw==",
      "requires": {
        "@pixi/core": "5.2.4",
        "@pixi/sprite": "5.2.4",
        "@pixi/ticker": "5.2.4"
      }
    },
    "@pixi/sprite-tiling": {
      "version": "5.2.4",
      "resolved": "https://registry.npmjs.org/@pixi/sprite-tiling/-/sprite-tiling-5.2.4.tgz",
      "integrity": "sha512-eCI/L0PvsiEmASQfGH2Wxk0yh+Ze0sNJT5bID1FFZaeOLVvOuRG6dKxEF32RamB/yzrQUyOwQDMtw3Ec3ZY/YQ==",
      "requires": {
        "@pixi/constants": "5.2.4",
        "@pixi/core": "5.2.4",
        "@pixi/display": "5.2.4",
        "@pixi/math": "5.2.4",
        "@pixi/sprite": "5.2.4",
        "@pixi/utils": "5.2.4"
      }
    },
    "@pixi/spritesheet": {
      "version": "5.2.4",
      "resolved": "https://registry.npmjs.org/@pixi/spritesheet/-/spritesheet-5.2.4.tgz",
      "integrity": "sha512-ytmc5sHXE0BmQe+QZ6SlldmPEWsqADBPQuYG3PolYkpt9Kt54vLTpFQGxS3xFGi2kHmNaKeuNSRFvfAjASOdCA==",
      "requires": {
        "@pixi/core": "5.2.4",
        "@pixi/loaders": "5.2.4",
        "@pixi/math": "5.2.4",
        "@pixi/utils": "5.2.4"
      }
    },
    "@pixi/text": {
      "version": "5.2.4",
      "resolved": "https://registry.npmjs.org/@pixi/text/-/text-5.2.4.tgz",
      "integrity": "sha512-fxuqMuKZeiZYwCM8oJDN+wXCMt5kRWVOFDInXvUEdeR6rg369YAk3qJeSDIoPTxASJJLPJ5a7b87JsVibxxErg==",
      "requires": {
        "@pixi/core": "5.2.4",
        "@pixi/math": "5.2.4",
        "@pixi/settings": "5.2.4",
        "@pixi/sprite": "5.2.4",
        "@pixi/utils": "5.2.4"
      }
    },
    "@pixi/text-bitmap": {
      "version": "5.2.4",
      "resolved": "https://registry.npmjs.org/@pixi/text-bitmap/-/text-bitmap-5.2.4.tgz",
      "integrity": "sha512-D6XLAiVwE9NI4DWfmX4IEcfpt12ljUgRxXjXl1LM9mAVjWO2llbAvlT06w9QqJIOhncCs0QHM/ICxl22xE04hQ==",
      "requires": {
        "@pixi/core": "5.2.4",
        "@pixi/display": "5.2.4",
        "@pixi/loaders": "5.2.4",
        "@pixi/math": "5.2.4",
        "@pixi/settings": "5.2.4",
        "@pixi/sprite": "5.2.4",
        "@pixi/utils": "5.2.4"
      }
    },
    "@pixi/ticker": {
      "version": "5.2.4",
      "resolved": "https://registry.npmjs.org/@pixi/ticker/-/ticker-5.2.4.tgz",
      "integrity": "sha512-xM7kN+zhnv/q8WNrQ/EJKzmJBrhLcE7HtKFP2v0R3x7N76fqZu6a87C5ioNqJ8rKTThZ8wDOQ2sCN0tlapRFyg==",
      "requires": {
        "@pixi/settings": "5.2.4"
      }
    },
    "@pixi/utils": {
      "version": "5.2.4",
      "resolved": "https://registry.npmjs.org/@pixi/utils/-/utils-5.2.4.tgz",
      "integrity": "sha512-n/HFBp5MJaF8vrGUbDcf6TuaUmEW07nv96Y0c6teHhnl942pg1XITogOugnU31sW81Z9ra1BG8D39zU4JU0oSA==",
      "requires": {
        "@pixi/constants": "5.2.4",
        "@pixi/settings": "5.2.4",
        "earcut": "^2.1.5",
        "eventemitter3": "^3.1.0",
        "url": "^0.11.0"
      }
    },
    "@rollup/plugin-commonjs": {
      "version": "13.0.0",
      "resolved": "https://registry.npmjs.org/@rollup/plugin-commonjs/-/plugin-commonjs-13.0.0.tgz",
      "integrity": "sha512-Anxc3qgkAi7peAyesTqGYidG5GRim9jtg8xhmykNaZkImtvjA7Wsqep08D2mYsqw1IF7rA3lYfciLgzUSgRoqw==",
      "requires": {
        "@rollup/pluginutils": "^3.0.8",
        "commondir": "^1.0.1",
        "estree-walker": "^1.0.1",
        "glob": "^7.1.2",
        "is-reference": "^1.1.2",
        "magic-string": "^0.25.2",
        "resolve": "^1.11.0"
      }
    },
    "@rollup/plugin-multi-entry": {
      "version": "3.0.1",
      "resolved": "https://registry.npmjs.org/@rollup/plugin-multi-entry/-/plugin-multi-entry-3.0.1.tgz",
      "integrity": "sha512-Gcp9E8y68Kx+Jo8zy/ZpiiAkb0W01cSqnxOz6h9bPR7MU3gaoTEdRf7xXYplwli1SBFEswXX588ESj+50Brfxw==",
      "requires": {
        "matched": "^1.0.2"
      }
    },
    "@rollup/plugin-node-resolve": {
      "version": "8.0.1",
      "resolved": "https://registry.npmjs.org/@rollup/plugin-node-resolve/-/plugin-node-resolve-8.0.1.tgz",
      "integrity": "sha512-KIeAmueDDaYMqMBnUngLVVZhURwxA12nq/YB6nGm5/JpVyOMwI1fCVU3oL/dAnnLBG7oiPXntO5LHOiMrfNXCA==",
      "requires": {
        "@rollup/pluginutils": "^3.0.8",
        "@types/resolve": "0.0.8",
        "builtin-modules": "^3.1.0",
        "deep-freeze": "^0.0.1",
        "deepmerge": "^4.2.2",
        "is-module": "^1.0.0",
        "resolve": "^1.14.2"
      }
    },
    "@rollup/plugin-typescript": {
      "version": "4.1.2",
      "resolved": "https://registry.npmjs.org/@rollup/plugin-typescript/-/plugin-typescript-4.1.2.tgz",
      "integrity": "sha512-+7UlGat/99e2JbmGNnIauxwEhYLwrL7adO/tSJxUN57xrrS3Ps+ZzYpLCDGPZJ57j+ZJTZLLN89KXW9JMEB+jg==",
      "requires": {
        "@rollup/pluginutils": "^3.0.1",
        "resolve": "^1.14.1"
      }
    },
    "@rollup/pluginutils": {
      "version": "3.1.0",
      "resolved": "https://registry.npmjs.org/@rollup/pluginutils/-/pluginutils-3.1.0.tgz",
      "integrity": "sha512-GksZ6pr6TpIjHm8h9lSQ8pi8BE9VeubNT0OMJ3B5uZJ8pz73NPiqOtCog/x2/QzM1ENChPKxMDhiQuRHsqc+lg==",
      "requires": {
        "@types/estree": "0.0.39",
        "estree-walker": "^1.0.1",
        "picomatch": "^2.2.2"
      }
    },
    "@types/estree": {
      "version": "0.0.39",
      "resolved": "https://registry.npmjs.org/@types/estree/-/estree-0.0.39.tgz",
      "integrity": "sha512-EYNwp3bU+98cpU4lAWYYL7Zz+2gryWH1qbdDTidVd6hkiR6weksdbMadyXKXNPEkQFhXM+hVO9ZygomHXp+AIw=="
    },
    "@types/node": {
      "version": "14.0.13",
      "resolved": "https://registry.npmjs.org/@types/node/-/node-14.0.13.tgz",
      "integrity": "sha512-rouEWBImiRaSJsVA+ITTFM6ZxibuAlTuNOCyxVbwreu6k6+ujs7DfnU9o+PShFhET78pMBl3eH+AGSI5eOTkPA=="
    },
    "@types/resolve": {
      "version": "0.0.8",
      "resolved": "https://registry.npmjs.org/@types/resolve/-/resolve-0.0.8.tgz",
      "integrity": "sha512-auApPaJf3NPfe18hSoJkp8EbZzer2ISk7o8mCC3M9he/a04+gbMF97NkpD2S8riMGvm4BMRI59/SZQSaLTKpsQ==",
      "requires": {
        "@types/node": "*"
      }
    },
    "arr-union": {
      "version": "3.1.0",
      "resolved": "https://registry.npmjs.org/arr-union/-/arr-union-3.1.0.tgz",
      "integrity": "sha1-45sJrqne+Gao8gbiiK9jkZuuOcQ="
    },
    "async-array-reduce": {
      "version": "0.2.1",
      "resolved": "https://registry.npmjs.org/async-array-reduce/-/async-array-reduce-0.2.1.tgz",
      "integrity": "sha1-yL4BCitc0A3qlsgRFgNGk9/dgtE="
    },
    "balanced-match": {
      "version": "1.0.0",
      "resolved": "https://registry.npmjs.org/balanced-match/-/balanced-match-1.0.0.tgz",
      "integrity": "sha1-ibTRmasr7kneFk6gK4nORi1xt2c="
    },
    "brace-expansion": {
      "version": "1.1.11",
      "resolved": "https://registry.npmjs.org/brace-expansion/-/brace-expansion-1.1.11.tgz",
      "integrity": "sha512-iCuPHDFgrHX7H2vEI/5xpz07zSHB00TpugqhmYtVmMO6518mCuRMoOYFldEBl0g187ufozdaHgWKcYFb61qGiA==",
      "requires": {
        "balanced-match": "^1.0.0",
        "concat-map": "0.0.1"
      }
    },
    "builtin-modules": {
      "version": "3.1.0",
      "resolved": "https://registry.npmjs.org/builtin-modules/-/builtin-modules-3.1.0.tgz",
      "integrity": "sha512-k0KL0aWZuBt2lrxrcASWDfwOLMnodeQjodT/1SxEQAXsHANgo6ZC/VEaSEHCXt7aSTZ4/4H5LKa+tBXmW7Vtvw=="
    },
    "commondir": {
      "version": "1.0.1",
      "resolved": "https://registry.npmjs.org/commondir/-/commondir-1.0.1.tgz",
      "integrity": "sha1-3dgA2gxmEnOTzKWVDqloo6rxJTs="
    },
    "concat-map": {
      "version": "0.0.1",
      "resolved": "https://registry.npmjs.org/concat-map/-/concat-map-0.0.1.tgz",
      "integrity": "sha1-2Klr13/Wjfd5OnMDajug1UBdR3s="
    },
    "deep-freeze": {
      "version": "0.0.1",
      "resolved": "https://registry.npmjs.org/deep-freeze/-/deep-freeze-0.0.1.tgz",
      "integrity": "sha1-OgsABd4YZygZ39OM0x+RF5yJPoQ="
    },
    "deepmerge": {
      "version": "4.2.2",
      "resolved": "https://registry.npmjs.org/deepmerge/-/deepmerge-4.2.2.tgz",
      "integrity": "sha512-FJ3UgI4gIl+PHZm53knsuSFpE+nESMr7M4v9QcgB7S63Kj/6WqMiFQJpBBYz1Pt+66bZpP3Q7Lye0Oo9MPKEdg=="
    },
    "earcut": {
      "version": "2.2.2",
      "resolved": "https://registry.npmjs.org/earcut/-/earcut-2.2.2.tgz",
      "integrity": "sha512-eZoZPPJcUHnfRZ0PjLvx2qBordSiO8ofC3vt+qACLM95u+4DovnbYNpQtJh0DNsWj8RnxrQytD4WA8gj5cRIaQ=="
    },
    "es6-promise-polyfill": {
      "version": "1.2.0",
      "resolved": "https://registry.npmjs.org/es6-promise-polyfill/-/es6-promise-polyfill-1.2.0.tgz",
      "integrity": "sha1-84kl8jyz4+jObNqP93T867sJDN4="
    },
    "estree-walker": {
      "version": "1.0.1",
      "resolved": "https://registry.npmjs.org/estree-walker/-/estree-walker-1.0.1.tgz",
      "integrity": "sha512-1fMXF3YP4pZZVozF8j/ZLfvnR8NSIljt56UhbZ5PeeDmmGHpgpdwQt7ITlGvYaQukCvuBRMLEiKiYC+oeIg4cg=="
    },
    "eventemitter3": {
      "version": "3.1.2",
      "resolved": "https://registry.npmjs.org/eventemitter3/-/eventemitter3-3.1.2.tgz",
      "integrity": "sha512-tvtQIeLVHjDkJYnzf2dgVMxfuSGJeM/7UCG17TT4EumTfNtF+0nebF/4zWOIkCreAbtNqhGEboB6BWrwqNaw4Q=="
    },
    "expand-tilde": {
      "version": "2.0.2",
      "resolved": "https://registry.npmjs.org/expand-tilde/-/expand-tilde-2.0.2.tgz",
      "integrity": "sha1-l+gBqgUt8CRU3kawK/YhZCzchQI=",
      "requires": {
        "homedir-polyfill": "^1.0.1"
      }
    },
    "fs.realpath": {
      "version": "1.0.0",
      "resolved": "https://registry.npmjs.org/fs.realpath/-/fs.realpath-1.0.0.tgz",
      "integrity": "sha1-FQStJSMVjKpA20onh8sBQRmU6k8="
    },
    "fsevents": {
      "version": "2.3.3",
      "resolved": "https://registry.npmjs.org/fsevents/-/fsevents-2.3.3.tgz",
      "integrity": "sha512-5xoDfX+fL7faATnagmWPpbFtwh/R77WmMMqqHGS65C3vvB0YHrgF+B1YmZ3441tMj5n63k0212XNoJwzlhffQw==",
      "optional": true
    },
    "glob": {
      "version": "7.1.6",
      "resolved": "https://registry.npmjs.org/glob/-/glob-7.1.6.tgz",
      "integrity": "sha512-LwaxwyZ72Lk7vZINtNNrywX0ZuLyStrdDtabefZKAY5ZGJhVtgdznluResxNmPitE0SAO+O26sWTHeKSI2wMBA==",
      "requires": {
        "fs.realpath": "^1.0.0",
        "inflight": "^1.0.4",
        "inherits": "2",
        "minimatch": "^3.0.4",
        "once": "^1.3.0",
        "path-is-absolute": "^1.0.0"
      }
    },
    "global-modules": {
      "version": "1.0.0",
      "resolved": "https://registry.npmjs.org/global-modules/-/global-modules-1.0.0.tgz",
      "integrity": "sha512-sKzpEkf11GpOFuw0Zzjzmt4B4UZwjOcG757PPvrfhxcLFbq0wpsgpOqxpxtxFiCG4DtG93M6XRVbF2oGdev7bg==",
      "requires": {
        "global-prefix": "^1.0.1",
        "is-windows": "^1.0.1",
        "resolve-dir": "^1.0.0"
      }
    },
    "global-prefix": {
      "version": "1.0.2",
      "resolved": "https://registry.npmjs.org/global-prefix/-/global-prefix-1.0.2.tgz",
      "integrity": "sha1-2/dDxsFJklk8ZVVoy2btMsASLr4=",
      "requires": {
        "expand-tilde": "^2.0.2",
        "homedir-polyfill": "^1.0.1",
        "ini": "^1.3.4",
        "is-windows": "^1.0.1",
        "which": "^1.2.14"
      }
    },
    "has-glob": {
      "version": "1.0.0",
      "resolved": "https://registry.npmjs.org/has-glob/-/has-glob-1.0.0.tgz",
      "integrity": "sha1-mqqe7b/7G6OZCnsAEPtnjuAIEgc=",
      "requires": {
        "is-glob": "^3.0.0"
      }
    },
    "homedir-polyfill": {
      "version": "1.0.3",
      "resolved": "https://registry.npmjs.org/homedir-polyfill/-/homedir-polyfill-1.0.3.tgz",
      "integrity": "sha512-eSmmWE5bZTK2Nou4g0AI3zZ9rswp7GRKoKXS1BLUkvPviOqs4YTN1djQIqrXy9k5gEtdLPy86JjRwsNM9tnDcA==",
      "requires": {
        "parse-passwd": "^1.0.0"
      }
    },
    "inflight": {
      "version": "1.0.6",
      "resolved": "https://registry.npmjs.org/inflight/-/inflight-1.0.6.tgz",
      "integrity": "sha1-Sb1jMdfQLQwJvJEKEHW6gWW1bfk=",
      "requires": {
        "once": "^1.3.0",
        "wrappy": "1"
      }
    },
    "inherits": {
      "version": "2.0.4",
      "resolved": "https://registry.npmjs.org/inherits/-/inherits-2.0.4.tgz",
      "integrity": "sha512-k/vGaX4/Yla3WzyMCvTQOXYeIHvqOKtnqBduzTHpzpQZzAskKMhZ2K+EnBiSM9zGSoIFeMpXKxa4dYeZIQqewQ=="
    },
    "ini": {
      "version": "1.3.5",
      "resolved": "https://registry.npmjs.org/ini/-/ini-1.3.5.tgz",
      "integrity": "sha512-RZY5huIKCMRWDUqZlEi72f/lmXKMvuszcMBduliQ3nnWbx9X/ZBQO7DijMEYS9EhHBb2qacRUMtC7svLwe0lcw=="
    },
    "is-extglob": {
      "version": "2.1.1",
      "resolved": "https://registry.npmjs.org/is-extglob/-/is-extglob-2.1.1.tgz",
      "integrity": "sha1-qIwCU1eR8C7TfHahueqXc8gz+MI="
    },
    "is-glob": {
      "version": "3.1.0",
      "resolved": "https://registry.npmjs.org/is-glob/-/is-glob-3.1.0.tgz",
      "integrity": "sha1-e6WuJCF4BKxwcHuWkiVnSGzD6Eo=",
      "requires": {
        "is-extglob": "^2.1.0"
      }
    },
    "is-module": {
      "version": "1.0.0",
      "resolved": "https://registry.npmjs.org/is-module/-/is-module-1.0.0.tgz",
      "integrity": "sha1-Mlj7afeMFNW4FdZkM2tM/7ZEFZE="
    },
    "is-reference": {
      "version": "1.2.0",
      "resolved": "https://registry.npmjs.org/is-reference/-/is-reference-1.2.0.tgz",
      "integrity": "sha512-ZVxq+5TkOx6GQdnoMm2aRdCKADdcrOWXLGzGT+vIA8DMpqEJaRk5AL1bS80zJ2bjHunVmjdzfCt0e4BymIEqKQ==",
      "requires": {
        "@types/estree": "0.0.44"
      },
      "dependencies": {
        "@types/estree": {
          "version": "0.0.44",
          "resolved": "https://registry.npmjs.org/@types/estree/-/estree-0.0.44.tgz",
          "integrity": "sha512-iaIVzr+w2ZJ5HkidlZ3EJM8VTZb2MJLCjw3V+505yVts0gRC4UMvjw0d1HPtGqI/HQC/KdsYtayfzl+AXY2R8g=="
        }
      }
    },
    "is-valid-glob": {
      "version": "1.0.0",
      "resolved": "https://registry.npmjs.org/is-valid-glob/-/is-valid-glob-1.0.0.tgz",
      "integrity": "sha1-Kb8+/3Ab4tTTFdusw5vDn+j2Aao="
    },
    "is-windows": {
      "version": "1.0.2",
      "resolved": "https://registry.npmjs.org/is-windows/-/is-windows-1.0.2.tgz",
      "integrity": "sha512-eXK1UInq2bPmjyX6e3VHIzMLobc4J94i4AWn+Hpq3OU5KkrRC96OAcR3PRJ/pGu6m8TRnBHP9dkXQVsT/COVIA=="
    },
    "isexe": {
      "version": "2.0.0",
      "resolved": "https://registry.npmjs.org/isexe/-/isexe-2.0.0.tgz",
      "integrity": "sha1-6PvzdNxVb/iUehDcsFctYz8s+hA="
    },
    "ismobilejs": {
      "version": "1.1.1",
      "resolved": "https://registry.npmjs.org/ismobilejs/-/ismobilejs-1.1.1.tgz",
      "integrity": "sha512-VaFW53yt8QO61k2WJui0dHf4SlL8lxBofUuUmwBo0ljPk0Drz2TiuDW4jo3wDcv41qy/SxrJ+VAzJ/qYqsmzRw=="
    },
    "magic-string": {
      "version": "0.25.7",
      "resolved": "https://registry.npmjs.org/magic-string/-/magic-string-0.25.7.tgz",
      "integrity": "sha512-4CrMT5DOHTDk4HYDlzmwu4FVCcIYI8gauveasrdCu2IKIFOJ3f0v/8MDGJCDL9oD2ppz/Av1b0Nj345H9M+XIA==",
      "requires": {
        "sourcemap-codec": "^1.4.4"
      }
    },
    "matched": {
      "version": "1.0.2",
      "resolved": "https://registry.npmjs.org/matched/-/matched-1.0.2.tgz",
      "integrity": "sha512-7ivM1jFZVTOOS77QsR+TtYHH0ecdLclMkqbf5qiJdX2RorqfhsL65QHySPZgDE0ZjHoh+mQUNHTanNXIlzXd0Q==",
      "requires": {
        "arr-union": "^3.1.0",
        "async-array-reduce": "^0.2.1",
        "glob": "^7.1.2",
        "has-glob": "^1.0.0",
        "is-valid-glob": "^1.0.0",
        "resolve-dir": "^1.0.0"
      }
    },
    "mini-signals": {
      "version": "1.2.0",
      "resolved": "https://registry.npmjs.org/mini-signals/-/mini-signals-1.2.0.tgz",
      "integrity": "sha1-RbCAE8X65RokqhqTXNMXye1yHXQ="
    },
    "minimatch": {
      "version": "3.0.4",
      "resolved": "https://registry.npmjs.org/minimatch/-/minimatch-3.0.4.tgz",
      "integrity": "sha512-yJHVQEhyqPLUTgt9B83PXu6W3rx4MvvHvSUvToogpwoGDOUQ+yDrR0HRot+yOCdCO7u4hX3pWft6kWBBcqh0UA==",
      "requires": {
        "brace-expansion": "^1.1.7"
      }
    },
    "object-assign": {
      "version": "4.1.1",
      "resolved": "https://registry.npmjs.org/object-assign/-/object-assign-4.1.1.tgz",
      "integrity": "sha1-IQmtx5ZYh8/AXLvUQsrIv7s2CGM="
    },
    "once": {
      "version": "1.4.0",
      "resolved": "https://registry.npmjs.org/once/-/once-1.4.0.tgz",
      "integrity": "sha1-WDsap3WWHUsROsF9nFC6753Xa9E=",
      "requires": {
        "wrappy": "1"
      }
    },
    "parse-passwd": {
      "version": "1.0.0",
      "resolved": "https://registry.npmjs.org/parse-passwd/-/parse-passwd-1.0.0.tgz",
      "integrity": "sha1-bVuTSkVpk7I9N/QKOC1vFmao5cY="
    },
    "parse-uri": {
      "version": "1.0.0",
      "resolved": "https://registry.npmjs.org/parse-uri/-/parse-uri-1.0.0.tgz",
      "integrity": "sha1-KHLcwi8aeXrN4Vg9igrClVLdrCA="
    },
    "path-is-absolute": {
      "version": "1.0.1",
      "resolved": "https://registry.npmjs.org/path-is-absolute/-/path-is-absolute-1.0.1.tgz",
      "integrity": "sha1-F0uSaHNVNP+8es5r9TpanhtcX18="
    },
    "path-parse": {
      "version": "1.0.6",
      "resolved": "https://registry.npmjs.org/path-parse/-/path-parse-1.0.6.tgz",
      "integrity": "sha512-GSmOT2EbHrINBf9SR7CDELwlJ8AENk3Qn7OikK4nFYAu3Ote2+JYNVvkpAEQm3/TLNEJFD/xZJjzyxg3KBWOzw=="
    },
    "picomatch": {
      "version": "2.2.2",
      "resolved": "https://registry.npmjs.org/picomatch/-/picomatch-2.2.2.tgz",
      "integrity": "sha512-q0M/9eZHzmr0AulXyPwNfZjtwZ/RBZlbN3K3CErVrk50T2ASYI7Bye0EvekFY3IP1Nt2DHu0re+V2ZHIpMkuWg=="
    },
    "pixi.js": {
      "version": "5.2.4",
      "resolved": "https://registry.npmjs.org/pixi.js/-/pixi.js-5.2.4.tgz",
      "integrity": "sha512-QNmWPI1VscGleR2jUDiBlH9Lq8wh5mqi6K8RRUpW3O1xOXAKDTpD/TPA9EHzkYI9axag/AcChS7aiJVnwV2ytw==",
      "requires": {
        "@pixi/accessibility": "5.2.4",
        "@pixi/app": "5.2.4",
        "@pixi/constants": "5.2.4",
        "@pixi/core": "5.2.4",
        "@pixi/display": "5.2.4",
        "@pixi/extract": "5.2.4",
        "@pixi/filter-alpha": "5.2.4",
        "@pixi/filter-blur": "5.2.4",
        "@pixi/filter-color-matrix": "5.2.4",
        "@pixi/filter-displacement": "5.2.4",
        "@pixi/filter-fxaa": "5.2.4",
        "@pixi/filter-noise": "5.2.4",
        "@pixi/graphics": "5.2.4",
        "@pixi/interaction": "5.2.4",
        "@pixi/loaders": "5.2.4",
        "@pixi/math": "5.2.4",
        "@pixi/mesh": "5.2.4",
        "@pixi/mesh-extras": "5.2.4",
        "@pixi/mixin-cache-as-bitmap": "5.2.4",
        "@pixi/mixin-get-child-by-name": "5.2.4",
        "@pixi/mixin-get-global-position": "5.2.4",
        "@pixi/particles": "5.2.4",
        "@pixi/polyfill": "5.2.4",
        "@pixi/prepare": "5.2.4",
        "@pixi/runner": "5.2.4",
        "@pixi/settings": "5.2.4",
        "@pixi/sprite": "5.2.4",
        "@pixi/sprite-animated": "5.2.4",
        "@pixi/sprite-tiling": "5.2.4",
        "@pixi/spritesheet": "5.2.4",
        "@pixi/text": "5.2.4",
        "@pixi/text-bitmap": "5.2.4",
        "@pixi/ticker": "5.2.4",
        "@pixi/utils": "5.2.4"
      }
    },
    "punycode": {
      "version": "1.3.2",
      "resolved": "https://registry.npmjs.org/punycode/-/punycode-1.3.2.tgz",
      "integrity": "sha1-llOgNvt8HuQjQvIyXM7v6jkmxI0="
    },
    "querystring": {
      "version": "0.2.0",
      "resolved": "https://registry.npmjs.org/querystring/-/querystring-0.2.0.tgz",
      "integrity": "sha1-sgmEkgO7Jd+CDadW50cAWHhSFiA="
    },
    "resolve": {
      "version": "1.17.0",
      "resolved": "https://registry.npmjs.org/resolve/-/resolve-1.17.0.tgz",
      "integrity": "sha512-ic+7JYiV8Vi2yzQGFWOkiZD5Z9z7O2Zhm9XMaTxdJExKasieFCr+yXZ/WmXsckHiKl12ar0y6XiXDx3m4RHn1w==",
      "requires": {
        "path-parse": "^1.0.6"
      }
    },
    "resolve-dir": {
      "version": "1.0.1",
      "resolved": "https://registry.npmjs.org/resolve-dir/-/resolve-dir-1.0.1.tgz",
      "integrity": "sha1-eaQGRMNivoLybv/nOcm7U4IEb0M=",
      "requires": {
        "expand-tilde": "^2.0.0",
        "global-modules": "^1.0.0"
      }
    },
    "resource-loader": {
      "version": "3.0.1",
      "resolved": "https://registry.npmjs.org/resource-loader/-/resource-loader-3.0.1.tgz",
      "integrity": "sha512-fBuCRbEHdLCI1eglzQhUv9Rrdcmqkydr1r6uHE2cYHvRBrcLXeSmbE/qI/urFt8rPr/IGxir3BUwM5kUK8XoyA==",
      "requires": {
        "mini-signals": "^1.2.0",
        "parse-uri": "^1.0.0"
      }
    },
    "rollup": {
      "version": "2.79.2",
      "resolved": "https://registry.npmjs.org/rollup/-/rollup-2.79.2.tgz",
      "integrity": "sha512-fS6iqSPZDs3dr/y7Od6y5nha8dW1YnbgtsyotCVvoFGKbERG++CVRFv1meyGDE1SNItQA8BrnCw7ScdAhRJ3XQ==",
      "requires": {
        "fsevents": "~2.3.2"
      }
    },
    "sourcemap-codec": {
      "version": "1.4.8",
      "resolved": "https://registry.npmjs.org/sourcemap-codec/-/sourcemap-codec-1.4.8.tgz",
      "integrity": "sha512-9NykojV5Uih4lgo5So5dtw+f0JgJX30KCNI8gwhz2J9A15wD0Ml6tjHKwf6fTSa6fAdVBdZeNOs9eJ71qCk8vA=="
    },
    "tslib": {
      "version": "2.0.0",
      "resolved": "https://registry.npmjs.org/tslib/-/tslib-2.0.0.tgz",
      "integrity": "sha512-lTqkx847PI7xEDYJntxZH89L2/aXInsyF2luSafe/+0fHOMjlBNXdH6th7f70qxLDhul7KZK0zC8V5ZIyHl0/g=="
    },
    "typescript": {
      "version": "3.9.5",
      "resolved": "https://registry.npmjs.org/typescript/-/typescript-3.9.5.tgz",
      "integrity": "sha512-hSAifV3k+i6lEoCJ2k6R2Z/rp/H3+8sdmcn5NrS3/3kE7+RyZXm9aqvxWqjEXHAd8b0pShatpcdMTvEdvAJltQ=="
    },
    "url": {
      "version": "0.11.0",
      "resolved": "https://registry.npmjs.org/url/-/url-0.11.0.tgz",
      "integrity": "sha1-ODjpfPxgUh63PFJajlW/3Z4uKPE=",
      "requires": {
        "punycode": "1.3.2",
        "querystring": "0.2.0"
      }
    },
    "which": {
      "version": "1.3.1",
      "resolved": "https://registry.npmjs.org/which/-/which-1.3.1.tgz",
      "integrity": "sha512-HxJdYWq1MTIQbJ3nw0cqssHoTNU267KlrDuGZ1WYlxDStUtKUhOaJmh112/TZmHxxUfuJqPXSOm7tDyas0OSIQ==",
      "requires": {
        "isexe": "^2.0.0"
      }
    },
    "wrappy": {
      "version": "1.0.2",
      "resolved": "https://registry.npmjs.org/wrappy/-/wrappy-1.0.2.tgz",
      "integrity": "sha1-tSQ9jz7BqjXxNkYFvA0QNuMKtp8="
    }
  }
}
